// !$*UTF8*$!
{
	archiveVersion = 1;
	classes = {
	};
	objectVersion = 46;
	objects = {

/* Begin PBXBuildFile section */
		AA08EA471F71A74800F6845D /* TrainingsStorageManager.swift in Sources */ = {isa = PBXBuildFile; fileRef = AA08EA461F71A74800F6845D /* TrainingsStorageManager.swift */; };
		AA08EA491F71CBC300F6845D /* TrainingDataSource.swift in Sources */ = {isa = PBXBuildFile; fileRef = AA08EA481F71CBC300F6845D /* TrainingDataSource.swift */; };
		AA15E1F51F75A3CC00721404 /* TrainingsListViewController.swift in Sources */ = {isa = PBXBuildFile; fileRef = AA15E1F41F75A3CC00721404 /* TrainingsListViewController.swift */; };
		AA1B77BE1F6763B000D86ACB /* TrainingDataViewController.swift in Sources */ = {isa = PBXBuildFile; fileRef = AA1B77BD1F6763B000D86ACB /* TrainingDataViewController.swift */; };
		AA1B77C01F6770A900D86ACB /* TrainingGraphView.swift in Sources */ = {isa = PBXBuildFile; fileRef = AA1B77BF1F6770A900D86ACB /* TrainingGraphView.swift */; };
		AA3E33EC1F3A5FE10000FD2E /* HeartRateDataModel.xcdatamodeld in Sources */ = {isa = PBXBuildFile; fileRef = AA3E33EA1F3A5FE10000FD2E /* HeartRateDataModel.xcdatamodeld */; };
		AA3E33EE1F3CD45D0000FD2E /* DataStorageManager.swift in Sources */ = {isa = PBXBuildFile; fileRef = AA3E33ED1F3CD45D0000FD2E /* DataStorageManager.swift */; };
		AA3E33F01F3D17850000FD2E /* SettingsStorageManager.swift in Sources */ = {isa = PBXBuildFile; fileRef = AA3E33EF1F3D17850000FD2E /* SettingsStorageManager.swift */; };
		AA3E33F21F3FB7970000FD2E /* HeartRateLevelView.swift in Sources */ = {isa = PBXBuildFile; fileRef = AA3E33F11F3FB7970000FD2E /* HeartRateLevelView.swift */; };
		AA6AAD4E1F0ED3FA00A0B754 /* HeartRateDataSource.swift in Sources */ = {isa = PBXBuildFile; fileRef = AA6AAD4D1F0ED3FA00A0B754 /* HeartRateDataSource.swift */; };
		AA6F1E0A1F6202C500DD4716 /* SettingsDataSourceTest.swift in Sources */ = {isa = PBXBuildFile; fileRef = AA6F1E091F6202C500DD4716 /* SettingsDataSourceTest.swift */; };
		AA875FA31F06CF4900157DAF /* AppDelegate.swift in Sources */ = {isa = PBXBuildFile; fileRef = AA875FA21F06CF4900157DAF /* AppDelegate.swift */; };
		AA875FA51F06CF4900157DAF /* HeartRateViewController.swift in Sources */ = {isa = PBXBuildFile; fileRef = AA875FA41F06CF4900157DAF /* HeartRateViewController.swift */; };
		AA875FA71F06CF4900157DAF /* SettingsViewController.swift in Sources */ = {isa = PBXBuildFile; fileRef = AA875FA61F06CF4900157DAF /* SettingsViewController.swift */; };
		AA875FAA1F06CF4900157DAF /* Main.storyboard in Resources */ = {isa = PBXBuildFile; fileRef = AA875FA81F06CF4900157DAF /* Main.storyboard */; };
		AA875FAC1F06CF4900157DAF /* Assets.xcassets in Resources */ = {isa = PBXBuildFile; fileRef = AA875FAB1F06CF4900157DAF /* Assets.xcassets */; };
		AA875FAF1F06CF4900157DAF /* LaunchScreen.storyboard in Resources */ = {isa = PBXBuildFile; fileRef = AA875FAD1F06CF4900157DAF /* LaunchScreen.storyboard */; };
		AA875FBA1F06CF4900157DAF /* HeartRateDataSourceTest.swift in Sources */ = {isa = PBXBuildFile; fileRef = AA875FB91F06CF4900157DAF /* HeartRateDataSourceTest.swift */; };
		AA875FC61F06D13E00157DAF /* HeartRateView.swift in Sources */ = {isa = PBXBuildFile; fileRef = AA875FC51F06D13E00157DAF /* HeartRateView.swift */; };
		AA9191101F392B3F00A79C83 /* PlusMinusButton.swift in Sources */ = {isa = PBXBuildFile; fileRef = AA91910F1F392B3F00A79C83 /* PlusMinusButton.swift */; };
		AA9191121F39326100A79C83 /* SettingsDataSource.swift in Sources */ = {isa = PBXBuildFile; fileRef = AA9191111F39326100A79C83 /* SettingsDataSource.swift */; };
		AAC1700C1F14218A001BB817 /* StartStopButton.swift in Sources */ = {isa = PBXBuildFile; fileRef = AAC1700B1F14218A001BB817 /* StartStopButton.swift */; };
/* End PBXBuildFile section */

/* Begin PBXContainerItemProxy section */
		AA875FB61F06CF4900157DAF /* PBXContainerItemProxy */ = {
			isa = PBXContainerItemProxy;
			containerPortal = AA875F971F06CF4900157DAF /* Project object */;
			proxyType = 1;
			remoteGlobalIDString = AA875F9E1F06CF4900157DAF;
			remoteInfo = HeartMonitor;
		};
/* End PBXContainerItemProxy section */

/* Begin PBXFileReference section */
		AA08EA461F71A74800F6845D /* TrainingsStorageManager.swift */ = {isa = PBXFileReference; fileEncoding = 4; lastKnownFileType = sourcecode.swift; path = TrainingsStorageManager.swift; sourceTree = "<group>"; };
		AA08EA481F71CBC300F6845D /* TrainingDataSource.swift */ = {isa = PBXFileReference; fileEncoding = 4; lastKnownFileType = sourcecode.swift; path = TrainingDataSource.swift; sourceTree = "<group>"; };
		AA15E1F41F75A3CC00721404 /* TrainingsListViewController.swift */ = {isa = PBXFileReference; lastKnownFileType = sourcecode.swift; path = TrainingsListViewController.swift; sourceTree = "<group>"; };
		AA1B77BD1F6763B000D86ACB /* TrainingDataViewController.swift */ = {isa = PBXFileReference; fileEncoding = 4; lastKnownFileType = sourcecode.swift; path = TrainingDataViewController.swift; sourceTree = "<group>"; };
		AA1B77BF1F6770A900D86ACB /* TrainingGraphView.swift */ = {isa = PBXFileReference; fileEncoding = 4; lastKnownFileType = sourcecode.swift; path = TrainingGraphView.swift; sourceTree = "<group>"; };
		AA3E33EB1F3A5FE10000FD2E /* HeartRateDataModel.xcdatamodel */ = {isa = PBXFileReference; lastKnownFileType = wrapper.xcdatamodel; path = HeartRateDataModel.xcdatamodel; sourceTree = "<group>"; };
		AA3E33ED1F3CD45D0000FD2E /* DataStorageManager.swift */ = {isa = PBXFileReference; fileEncoding = 4; lastKnownFileType = sourcecode.swift; path = DataStorageManager.swift; sourceTree = "<group>"; };
		AA3E33EF1F3D17850000FD2E /* SettingsStorageManager.swift */ = {isa = PBXFileReference; fileEncoding = 4; lastKnownFileType = sourcecode.swift; path = SettingsStorageManager.swift; sourceTree = "<group>"; };
		AA3E33F11F3FB7970000FD2E /* HeartRateLevelView.swift */ = {isa = PBXFileReference; fileEncoding = 4; lastKnownFileType = sourcecode.swift; path = HeartRateLevelView.swift; sourceTree = "<group>"; };
		AA6AAD4D1F0ED3FA00A0B754 /* HeartRateDataSource.swift */ = {isa = PBXFileReference; fileEncoding = 4; lastKnownFileType = sourcecode.swift; path = HeartRateDataSource.swift; sourceTree = "<group>"; };
		AA6F1E091F6202C500DD4716 /* SettingsDataSourceTest.swift */ = {isa = PBXFileReference; fileEncoding = 4; lastKnownFileType = sourcecode.swift; path = SettingsDataSourceTest.swift; sourceTree = "<group>"; };
		AA875F9F1F06CF4900157DAF /* HeartMonitor.app */ = {isa = PBXFileReference; explicitFileType = wrapper.application; includeInIndex = 0; path = HeartMonitor.app; sourceTree = BUILT_PRODUCTS_DIR; };
		AA875FA21F06CF4900157DAF /* AppDelegate.swift */ = {isa = PBXFileReference; lastKnownFileType = sourcecode.swift; path = AppDelegate.swift; sourceTree = "<group>"; };
		AA875FA41F06CF4900157DAF /* HeartRateViewController.swift */ = {isa = PBXFileReference; lastKnownFileType = sourcecode.swift; path = HeartRateViewController.swift; sourceTree = "<group>"; };
		AA875FA61F06CF4900157DAF /* SettingsViewController.swift */ = {isa = PBXFileReference; lastKnownFileType = sourcecode.swift; path = SettingsViewController.swift; sourceTree = "<group>"; };
		AA875FA91F06CF4900157DAF /* Base */ = {isa = PBXFileReference; lastKnownFileType = file.storyboard; name = Base; path = Base.lproj/Main.storyboard; sourceTree = "<group>"; };
		AA875FAB1F06CF4900157DAF /* Assets.xcassets */ = {isa = PBXFileReference; lastKnownFileType = folder.assetcatalog; path = Assets.xcassets; sourceTree = "<group>"; };
		AA875FAE1F06CF4900157DAF /* Base */ = {isa = PBXFileReference; lastKnownFileType = file.storyboard; name = Base; path = Base.lproj/LaunchScreen.storyboard; sourceTree = "<group>"; };
		AA875FB01F06CF4900157DAF /* Info.plist */ = {isa = PBXFileReference; lastKnownFileType = text.plist.xml; path = Info.plist; sourceTree = "<group>"; };
		AA875FB51F06CF4900157DAF /* HeartMonitorTests.xctest */ = {isa = PBXFileReference; explicitFileType = wrapper.cfbundle; includeInIndex = 0; path = HeartMonitorTests.xctest; sourceTree = BUILT_PRODUCTS_DIR; };
		AA875FB91F06CF4900157DAF /* HeartRateDataSourceTest.swift */ = {isa = PBXFileReference; lastKnownFileType = sourcecode.swift; path = HeartRateDataSourceTest.swift; sourceTree = "<group>"; };
		AA875FBB1F06CF4900157DAF /* Info.plist */ = {isa = PBXFileReference; lastKnownFileType = text.plist.xml; path = Info.plist; sourceTree = "<group>"; };
		AA875FC51F06D13E00157DAF /* HeartRateView.swift */ = {isa = PBXFileReference; fileEncoding = 4; lastKnownFileType = sourcecode.swift; path = HeartRateView.swift; sourceTree = "<group>"; };
		AA91910F1F392B3F00A79C83 /* PlusMinusButton.swift */ = {isa = PBXFileReference; fileEncoding = 4; lastKnownFileType = sourcecode.swift; path = PlusMinusButton.swift; sourceTree = "<group>"; };
		AA9191111F39326100A79C83 /* SettingsDataSource.swift */ = {isa = PBXFileReference; fileEncoding = 4; lastKnownFileType = sourcecode.swift; path = SettingsDataSource.swift; sourceTree = "<group>"; };
		AAC1700B1F14218A001BB817 /* StartStopButton.swift */ = {isa = PBXFileReference; fileEncoding = 4; lastKnownFileType = sourcecode.swift; path = StartStopButton.swift; sourceTree = "<group>"; };
/* End PBXFileReference section */

/* Begin PBXFrameworksBuildPhase section */
		AA875F9C1F06CF4900157DAF /* Frameworks */ = {
			isa = PBXFrameworksBuildPhase;
			buildActionMask = 2147483647;
			files = (
			);
			runOnlyForDeploymentPostprocessing = 0;
		};
		AA875FB21F06CF4900157DAF /* Frameworks */ = {
			isa = PBXFrameworksBuildPhase;
			buildActionMask = 2147483647;
			files = (
			);
			runOnlyForDeploymentPostprocessing = 0;
		};
/* End PBXFrameworksBuildPhase section */

/* Begin PBXGroup section */
		AA1B77BC1F67631A00D86ACB /* TrainingData */ = {
			isa = PBXGroup;
			children = (
				AA1B77BD1F6763B000D86ACB /* TrainingDataViewController.swift */,
				AA1B77BF1F6770A900D86ACB /* TrainingGraphView.swift */,
				AA15E1F41F75A3CC00721404 /* TrainingsListViewController.swift */,
			);
			name = TrainingData;
			sourceTree = "<group>";
		};
		AA3E33E91F3A5F5D0000FD2E /* DataStorage */ = {
			isa = PBXGroup;
			children = (
				AA3E33EA1F3A5FE10000FD2E /* HeartRateDataModel.xcdatamodeld */,
				AA3E33ED1F3CD45D0000FD2E /* DataStorageManager.swift */,
				AA3E33EF1F3D17850000FD2E /* SettingsStorageManager.swift */,
				AA08EA461F71A74800F6845D /* TrainingsStorageManager.swift */,
			);
			name = DataStorage;
			sourceTree = "<group>";
		};
		AA6F1E071F61AC7100DD4716 /* DataSource */ = {
			isa = PBXGroup;
			children = (
				AA9191111F39326100A79C83 /* SettingsDataSource.swift */,
				AA6AAD4D1F0ED3FA00A0B754 /* HeartRateDataSource.swift */,
				AA08EA481F71CBC300F6845D /* TrainingDataSource.swift */,
			);
			name = DataSource;
			sourceTree = "<group>";
		};
		AA6F1E081F61AC9100DD4716 /* View */ = {
			isa = PBXGroup;
			children = (
				AA875FA81F06CF4900157DAF /* Main.storyboard */,
				AA875FC41F06D0D200157DAF /* HeartRate */,
				AA91910E1F39272D00A79C83 /* Settings */,
				AA1B77BC1F67631A00D86ACB /* TrainingData */,
			);
			name = View;
			sourceTree = "<group>";
		};
		AA875F961F06CF4900157DAF = {
			isa = PBXGroup;
			children = (
				AA875FA11F06CF4900157DAF /* HeartMonitor */,
				AA875FB81F06CF4900157DAF /* HeartMonitorTests */,
				AA875FA01F06CF4900157DAF /* Products */,
			);
			sourceTree = "<group>";
		};
		AA875FA01F06CF4900157DAF /* Products */ = {
			isa = PBXGroup;
			children = (
				AA875F9F1F06CF4900157DAF /* HeartMonitor.app */,
				AA875FB51F06CF4900157DAF /* HeartMonitorTests.xctest */,
			);
			name = Products;
			sourceTree = "<group>";
		};
		AA875FA11F06CF4900157DAF /* HeartMonitor */ = {
			isa = PBXGroup;
			children = (
				AA875FA21F06CF4900157DAF /* AppDelegate.swift */,
				AA6F1E081F61AC9100DD4716 /* View */,
				AA6F1E071F61AC7100DD4716 /* DataSource */,
				AA3E33E91F3A5F5D0000FD2E /* DataStorage */,
				AA875FAB1F06CF4900157DAF /* Assets.xcassets */,
				AA875FAD1F06CF4900157DAF /* LaunchScreen.storyboard */,
				AA875FB01F06CF4900157DAF /* Info.plist */,
			);
			path = HeartMonitor;
			sourceTree = "<group>";
		};
		AA875FB81F06CF4900157DAF /* HeartMonitorTests */ = {
			isa = PBXGroup;
			children = (
				AA875FB91F06CF4900157DAF /* HeartRateDataSourceTest.swift */,
				AA6F1E091F6202C500DD4716 /* SettingsDataSourceTest.swift */,
				AA875FBB1F06CF4900157DAF /* Info.plist */,
			);
			path = HeartMonitorTests;
			sourceTree = "<group>";
		};
		AA875FC41F06D0D200157DAF /* HeartRate */ = {
			isa = PBXGroup;
			children = (
				AA875FA41F06CF4900157DAF /* HeartRateViewController.swift */,
				AA875FC51F06D13E00157DAF /* HeartRateView.swift */,
				AAC1700B1F14218A001BB817 /* StartStopButton.swift */,
				AA3E33F11F3FB7970000FD2E /* HeartRateLevelView.swift */,
			);
			name = HeartRate;
			sourceTree = "<group>";
		};
		AA91910E1F39272D00A79C83 /* Settings */ = {
			isa = PBXGroup;
			children = (
				AA875FA61F06CF4900157DAF /* SettingsViewController.swift */,
				AA91910F1F392B3F00A79C83 /* PlusMinusButton.swift */,
			);
			name = Settings;
			sourceTree = "<group>";
		};
/* End PBXGroup section */

/* Begin PBXNativeTarget section */
		AA875F9E1F06CF4900157DAF /* HeartMonitor */ = {
			isa = PBXNativeTarget;
			buildConfigurationList = AA875FBE1F06CF4900157DAF /* Build configuration list for PBXNativeTarget "HeartMonitor" */;
			buildPhases = (
				AA875F9B1F06CF4900157DAF /* Sources */,
				AA875F9C1F06CF4900157DAF /* Frameworks */,
				AA875F9D1F06CF4900157DAF /* Resources */,
			);
			buildRules = (
			);
			dependencies = (
			);
			name = HeartMonitor;
			productName = HeartMonitor;
			productReference = AA875F9F1F06CF4900157DAF /* HeartMonitor.app */;
			productType = "com.apple.product-type.application";
		};
		AA875FB41F06CF4900157DAF /* HeartMonitorTests */ = {
			isa = PBXNativeTarget;
			buildConfigurationList = AA875FC11F06CF4900157DAF /* Build configuration list for PBXNativeTarget "HeartMonitorTests" */;
			buildPhases = (
				AA875FB11F06CF4900157DAF /* Sources */,
				AA875FB21F06CF4900157DAF /* Frameworks */,
				AA875FB31F06CF4900157DAF /* Resources */,
			);
			buildRules = (
			);
			dependencies = (
				AA875FB71F06CF4900157DAF /* PBXTargetDependency */,
			);
			name = HeartMonitorTests;
			productName = HeartMonitorTests;
			productReference = AA875FB51F06CF4900157DAF /* HeartMonitorTests.xctest */;
			productType = "com.apple.product-type.bundle.unit-test";
		};
/* End PBXNativeTarget section */

/* Begin PBXProject section */
		AA875F971F06CF4900157DAF /* Project object */ = {
			isa = PBXProject;
			attributes = {
				LastSwiftUpdateCheck = 0830;
				LastUpgradeCheck = 0900;
				ORGANIZATIONNAME = home;
				TargetAttributes = {
					AA875F9E1F06CF4900157DAF = {
						CreatedOnToolsVersion = 8.3.2;
						DevelopmentTeam = LJJJNHTF88;
						LastSwiftMigration = 0900;
						ProvisioningStyle = Automatic;
						SystemCapabilities = {
							com.apple.BackgroundModes = {
								enabled = 1;
							};
						};
					};
					AA875FB41F06CF4900157DAF = {
						CreatedOnToolsVersion = 8.3.2;
						LastSwiftMigration = 0900;
						ProvisioningStyle = Automatic;
						TestTargetID = AA875F9E1F06CF4900157DAF;
					};
				};
			};
			buildConfigurationList = AA875F9A1F06CF4900157DAF /* Build configuration list for PBXProject "HeartMonitor" */;
			compatibilityVersion = "Xcode 3.2";
			developmentRegion = English;
			hasScannedForEncodings = 0;
			knownRegions = (
				en,
				Base,
			);
			mainGroup = AA875F961F06CF4900157DAF;
			productRefGroup = AA875FA01F06CF4900157DAF /* Products */;
			projectDirPath = "";
			projectRoot = "";
			targets = (
				AA875F9E1F06CF4900157DAF /* HeartMonitor */,
				AA875FB41F06CF4900157DAF /* HeartMonitorTests */,
			);
		};
/* End PBXProject section */

/* Begin PBXResourcesBuildPhase section */
		AA875F9D1F06CF4900157DAF /* Resources */ = {
			isa = PBXResourcesBuildPhase;
			buildActionMask = 2147483647;
			files = (
				AA875FAF1F06CF4900157DAF /* LaunchScreen.storyboard in Resources */,
				AA875FAC1F06CF4900157DAF /* Assets.xcassets in Resources */,
				AA875FAA1F06CF4900157DAF /* Main.storyboard in Resources */,
			);
			runOnlyForDeploymentPostprocessing = 0;
		};
		AA875FB31F06CF4900157DAF /* Resources */ = {
			isa = PBXResourcesBuildPhase;
			buildActionMask = 2147483647;
			files = (
			);
			runOnlyForDeploymentPostprocessing = 0;
		};
/* End PBXResourcesBuildPhase section */

/* Begin PBXSourcesBuildPhase section */
		AA875F9B1F06CF4900157DAF /* Sources */ = {
			isa = PBXSourcesBuildPhase;
			buildActionMask = 2147483647;
			files = (
				AAC1700C1F14218A001BB817 /* StartStopButton.swift in Sources */,
				AA3E33EE1F3CD45D0000FD2E /* DataStorageManager.swift in Sources */,
				AA9191101F392B3F00A79C83 /* PlusMinusButton.swift in Sources */,
				AA08EA471F71A74800F6845D /* TrainingsStorageManager.swift in Sources */,
				AA3E33F01F3D17850000FD2E /* SettingsStorageManager.swift in Sources */,
				AA875FA71F06CF4900157DAF /* SettingsViewController.swift in Sources */,
				AA15E1F51F75A3CC00721404 /* TrainingsListViewController.swift in Sources */,
				AA1B77C01F6770A900D86ACB /* TrainingGraphView.swift in Sources */,
				AA875FC61F06D13E00157DAF /* HeartRateView.swift in Sources */,
				AA3E33EC1F3A5FE10000FD2E /* HeartRateDataModel.xcdatamodeld in Sources */,
				AA6AAD4E1F0ED3FA00A0B754 /* HeartRateDataSource.swift in Sources */,
				AA08EA491F71CBC300F6845D /* TrainingDataSource.swift in Sources */,
				AA875FA31F06CF4900157DAF /* AppDelegate.swift in Sources */,
				AA875FA51F06CF4900157DAF /* HeartRateViewController.swift in Sources */,
				AA1B77BE1F6763B000D86ACB /* TrainingDataViewController.swift in Sources */,
				AA3E33F21F3FB7970000FD2E /* HeartRateLevelView.swift in Sources */,
				AA9191121F39326100A79C83 /* SettingsDataSource.swift in Sources */,
			);
			runOnlyForDeploymentPostprocessing = 0;
		};
		AA875FB11F06CF4900157DAF /* Sources */ = {
			isa = PBXSourcesBuildPhase;
			buildActionMask = 2147483647;
			files = (
				AA875FBA1F06CF4900157DAF /* HeartRateDataSourceTest.swift in Sources */,
				AA6F1E0A1F6202C500DD4716 /* SettingsDataSourceTest.swift in Sources */,
			);
			runOnlyForDeploymentPostprocessing = 0;
		};
/* End PBXSourcesBuildPhase section */

/* Begin PBXTargetDependency section */
		AA875FB71F06CF4900157DAF /* PBXTargetDependency */ = {
			isa = PBXTargetDependency;
			target = AA875F9E1F06CF4900157DAF /* HeartMonitor */;
			targetProxy = AA875FB61F06CF4900157DAF /* PBXContainerItemProxy */;
		};
/* End PBXTargetDependency section */

/* Begin PBXVariantGroup section */
		AA875FA81F06CF4900157DAF /* Main.storyboard */ = {
			isa = PBXVariantGroup;
			children = (
				AA875FA91F06CF4900157DAF /* Base */,
			);
			name = Main.storyboard;
			sourceTree = "<group>";
		};
		AA875FAD1F06CF4900157DAF /* LaunchScreen.storyboard */ = {
			isa = PBXVariantGroup;
			children = (
				AA875FAE1F06CF4900157DAF /* Base */,
			);
			name = LaunchScreen.storyboard;
			sourceTree = "<group>";
		};
/* End PBXVariantGroup section */

/* Begin XCBuildConfiguration section */
		AA875FBC1F06CF4900157DAF /* Debug */ = {
			isa = XCBuildConfiguration;
			buildSettings = {
				ALWAYS_SEARCH_USER_PATHS = NO;
				CLANG_ANALYZER_NONNULL = YES;
				CLANG_ANALYZER_NUMBER_OBJECT_CONVERSION = YES_AGGRESSIVE;
				CLANG_CXX_LANGUAGE_STANDARD = "gnu++0x";
				CLANG_CXX_LIBRARY = "libc++";
				CLANG_ENABLE_MODULES = YES;
				CLANG_ENABLE_OBJC_ARC = YES;
				CLANG_WARN_BLOCK_CAPTURE_AUTORELEASING = YES;
				CLANG_WARN_BOOL_CONVERSION = YES;
				CLANG_WARN_COMMA = YES;
				CLANG_WARN_CONSTANT_CONVERSION = YES;
				CLANG_WARN_DIRECT_OBJC_ISA_USAGE = YES_ERROR;
				CLANG_WARN_DOCUMENTATION_COMMENTS = YES;
				CLANG_WARN_EMPTY_BODY = YES;
				CLANG_WARN_ENUM_CONVERSION = YES;
				CLANG_WARN_INFINITE_RECURSION = YES;
				CLANG_WARN_INT_CONVERSION = YES;
				CLANG_WARN_NON_LITERAL_NULL_CONVERSION = YES;
				CLANG_WARN_OBJC_LITERAL_CONVERSION = YES;
				CLANG_WARN_OBJC_ROOT_CLASS = YES_ERROR;
				CLANG_WARN_RANGE_LOOP_ANALYSIS = YES;
				CLANG_WARN_STRICT_PROTOTYPES = YES;
				CLANG_WARN_SUSPICIOUS_MOVE = YES;
				CLANG_WARN_UNREACHABLE_CODE = YES;
				CLANG_WARN__DUPLICATE_METHOD_MATCH = YES;
				"CODE_SIGN_IDENTITY[sdk=iphoneos*]" = "iPhone Developer";
				COPY_PHASE_STRIP = NO;
				DEBUG_INFORMATION_FORMAT = dwarf;
				ENABLE_STRICT_OBJC_MSGSEND = YES;
				ENABLE_TESTABILITY = YES;
				GCC_C_LANGUAGE_STANDARD = gnu99;
				GCC_DYNAMIC_NO_PIC = NO;
				GCC_NO_COMMON_BLOCKS = YES;
				GCC_OPTIMIZATION_LEVEL = 0;
				GCC_PREPROCESSOR_DEFINITIONS = (
					"DEBUG=1",
					"$(inherited)",
				);
				GCC_WARN_64_TO_32_BIT_CONVERSION = YES;
				GCC_WARN_ABOUT_RETURN_TYPE = YES_ERROR;
				GCC_WARN_UNDECLARED_SELECTOR = YES;
				GCC_WARN_UNINITIALIZED_AUTOS = YES_AGGRESSIVE;
				GCC_WARN_UNUSED_FUNCTION = YES;
				GCC_WARN_UNUSED_VARIABLE = YES;
				IPHONEOS_DEPLOYMENT_TARGET = 10.3;
				MTL_ENABLE_DEBUG_INFO = YES;
				ONLY_ACTIVE_ARCH = YES;
				SDKROOT = iphoneos;
				SWIFT_ACTIVE_COMPILATION_CONDITIONS = DEBUG;
				SWIFT_OPTIMIZATION_LEVEL = "-Onone";
			};
			name = Debug;
		};
		AA875FBD1F06CF4900157DAF /* Release */ = {
			isa = XCBuildConfiguration;
			buildSettings = {
				ALWAYS_SEARCH_USER_PATHS = NO;
				CLANG_ANALYZER_NONNULL = YES;
				CLANG_ANALYZER_NUMBER_OBJECT_CONVERSION = YES_AGGRESSIVE;
				CLANG_CXX_LANGUAGE_STANDARD = "gnu++0x";
				CLANG_CXX_LIBRARY = "libc++";
				CLANG_ENABLE_MODULES = YES;
				CLANG_ENABLE_OBJC_ARC = YES;
				CLANG_WARN_BLOCK_CAPTURE_AUTORELEASING = YES;
				CLANG_WARN_BOOL_CONVERSION = YES;
				CLANG_WARN_COMMA = YES;
				CLANG_WARN_CONSTANT_CONVERSION = YES;
				CLANG_WARN_DIRECT_OBJC_ISA_USAGE = YES_ERROR;
				CLANG_WARN_DOCUMENTATION_COMMENTS = YES;
				CLANG_WARN_EMPTY_BODY = YES;
				CLANG_WARN_ENUM_CONVERSION = YES;
				CLANG_WARN_INFINITE_RECURSION = YES;
				CLANG_WARN_INT_CONVERSION = YES;
				CLANG_WARN_NON_LITERAL_NULL_CONVERSION = YES;
				CLANG_WARN_OBJC_LITERAL_CONVERSION = YES;
				CLANG_WARN_OBJC_ROOT_CLASS = YES_ERROR;
				CLANG_WARN_RANGE_LOOP_ANALYSIS = YES;
				CLANG_WARN_STRICT_PROTOTYPES = YES;
				CLANG_WARN_SUSPICIOUS_MOVE = YES;
				CLANG_WARN_UNREACHABLE_CODE = YES;
				CLANG_WARN__DUPLICATE_METHOD_MATCH = YES;
				"CODE_SIGN_IDENTITY[sdk=iphoneos*]" = "iPhone Developer";
				COPY_PHASE_STRIP = NO;
				DEBUG_INFORMATION_FORMAT = "dwarf-with-dsym";
				ENABLE_NS_ASSERTIONS = NO;
				ENABLE_STRICT_OBJC_MSGSEND = YES;
				GCC_C_LANGUAGE_STANDARD = gnu99;
				GCC_NO_COMMON_BLOCKS = YES;
				GCC_WARN_64_TO_32_BIT_CONVERSION = YES;
				GCC_WARN_ABOUT_RETURN_TYPE = YES_ERROR;
				GCC_WARN_UNDECLARED_SELECTOR = YES;
				GCC_WARN_UNINITIALIZED_AUTOS = YES_AGGRESSIVE;
				GCC_WARN_UNUSED_FUNCTION = YES;
				GCC_WARN_UNUSED_VARIABLE = YES;
				IPHONEOS_DEPLOYMENT_TARGET = 10.3;
				MTL_ENABLE_DEBUG_INFO = NO;
				SDKROOT = iphoneos;
				SWIFT_OPTIMIZATION_LEVEL = "-Owholemodule";
				VALIDATE_PRODUCT = YES;
			};
			name = Release;
		};
		AA875FBF1F06CF4900157DAF /* Debug */ = {
			isa = XCBuildConfiguration;
			buildSettings = {
				ASSETCATALOG_COMPILER_APPICON_NAME = AppIcon;
				DEVELOPMENT_TEAM = LJJJNHTF88;
				INFOPLIST_FILE = HeartMonitor/Info.plist;
				LD_RUNPATH_SEARCH_PATHS = "$(inherited) @executable_path/Frameworks";
				PRODUCT_BUNDLE_IDENTIFIER = com.home.HeartMonitor;
				PRODUCT_NAME = "$(TARGET_NAME)";
				SWIFT_SWIFT3_OBJC_INFERENCE = On;
				SWIFT_VERSION = 4.0;
			};
			name = Debug;
		};
		AA875FC01F06CF4900157DAF /* Release */ = {
			isa = XCBuildConfiguration;
			buildSettings = {
				ASSETCATALOG_COMPILER_APPICON_NAME = AppIcon;
				DEVELOPMENT_TEAM = LJJJNHTF88;
				INFOPLIST_FILE = HeartMonitor/Info.plist;
				LD_RUNPATH_SEARCH_PATHS = "$(inherited) @executable_path/Frameworks";
				PRODUCT_BUNDLE_IDENTIFIER = com.home.HeartMonitor;
				PRODUCT_NAME = "$(TARGET_NAME)";
				SWIFT_SWIFT3_OBJC_INFERENCE = On;
				SWIFT_VERSION = 4.0;
			};
			name = Release;
		};
		AA875FC21F06CF4900157DAF /* Debug */ = {
			isa = XCBuildConfiguration;
			buildSettings = {
				ALWAYS_EMBED_SWIFT_STANDARD_LIBRARIES = YES;
				BUNDLE_LOADER = "$(TEST_HOST)";
				INFOPLIST_FILE = HeartMonitorTests/Info.plist;
				LD_RUNPATH_SEARCH_PATHS = "$(inherited) @executable_path/Frameworks @loader_path/Frameworks";
				PRODUCT_BUNDLE_IDENTIFIER = com.home.HeartMonitorTests;
				PRODUCT_NAME = "$(TARGET_NAME)";
				SWIFT_SWIFT3_OBJC_INFERENCE = On;
				SWIFT_VERSION = 4.0;
				TEST_HOST = "$(BUILT_PRODUCTS_DIR)/HeartMonitor.app/HeartMonitor";
			};
			name = Debug;
		};
		AA875FC31F06CF4900157DAF /* Release */ = {
			isa = XCBuildConfiguration;
			buildSettings = {
				ALWAYS_EMBED_SWIFT_STANDARD_LIBRARIES = YES;
				BUNDLE_LOADER = "$(TEST_HOST)";
				INFOPLIST_FILE = HeartMonitorTests/Info.plist;
				LD_RUNPATH_SEARCH_PATHS = "$(inherited) @executable_path/Frameworks @loader_path/Frameworks";
				PRODUCT_BUNDLE_IDENTIFIER = com.home.HeartMonitorTests;
				PRODUCT_NAME = "$(TARGET_NAME)";
				SWIFT_SWIFT3_OBJC_INFERENCE = On;
				SWIFT_VERSION = 4.0;
				TEST_HOST = "$(BUILT_PRODUCTS_DIR)/HeartMonitor.app/HeartMonitor";
			};
			name = Release;
		};
/* End XCBuildConfiguration section */

/* Begin XCConfigurationList section */
		AA875F9A1F06CF4900157DAF /* Build configuration list for PBXProject "HeartMonitor" */ = {
			isa = XCConfigurationList;
			buildConfigurations = (
				AA875FBC1F06CF4900157DAF /* Debug */,
				AA875FBD1F06CF4900157DAF /* Release */,
			);
			defaultConfigurationIsVisible = 0;
			defaultConfigurationName = Release;
		};
		AA875FBE1F06CF4900157DAF /* Build configuration list for PBXNativeTarget "HeartMonitor" */ = {
			isa = XCConfigurationList;
			buildConfigurations = (
				AA875FBF1F06CF4900157DAF /* Debug */,
				AA875FC01F06CF4900157DAF /* Release */,
			);
			defaultConfigurationIsVisible = 0;
			defaultConfigurationName = Release;
		};
		AA875FC11F06CF4900157DAF /* Build configuration list for PBXNativeTarget "HeartMonitorTests" */ = {
			isa = XCConfigurationList;
			buildConfigurations = (
				AA875FC21F06CF4900157DAF /* Debug */,
				AA875FC31F06CF4900157DAF /* Release */,
			);
			defaultConfigurationIsVisible = 0;
			defaultConfigurationName = Release;
		};
/* End XCConfigurationList section */

/* Begin XCVersionGroup section */
		AA3E33EA1F3A5FE10000FD2E /* HeartRateDataModel.xcdatamodeld */ = {
			isa = XCVersionGroup;
			children = (
				AA3E33EB1F3A5FE10000FD2E /* HeartRateDataModel.xcdatamodel */,
			);
			currentVersion = AA3E33EB1F3A5FE10000FD2E /* HeartRateDataModel.xcdatamodel */;
			path = HeartRateDataModel.xcdatamodeld;
			sourceTree = "<group>";
			versionGroupType = wrapper.xcdatamodel;
		};
/* End XCVersionGroup section */
	};
	rootObject = AA875F971F06CF4900157DAF /* Project object */;
}
